{
  "originHash" : "b480ef298d76e64a6a3763346bd649bcf3f09499574d4cd31b368dce91baeae6",
  "pins" : [
    {
      "identity" : "analytics-swift",
      "kind" : "remoteSourceControl",
      "location" : "git@github.com:segmentio/analytics-swift.git",
      "state" : {
        "revision" : "7d47f4b42e6d74fe2de73b8e3c3fc2eeae4a3efd",
        "version" : "1.7.3"
      }
    },
    {
      "identity" : "jsonsafeencoding-swift",
      "kind" : "remoteSourceControl",
      "location" : "https://github.com/segmentio/jsonsafeencoding-swift.git",
      "state" : {
        "revision" : "af6a8b360984085e36c6341b21ecb35c12f47ebd",
        "version" : "2.0.0"
      }
    },
    {
      "identity" : "sovran-swift",
      "kind" : "remoteSourceControl",
      "location" : "https://github.com/segmentio/sovran-swift.git",
      "state" : {
        "revision" : "24867f3e4ac62027db9827112135e6531b6f4051",
        "version" : "1.1.2"
      }
    }
  ],
  "version" : 3
}
